github.com/kohirens/stdlib v0.0.0-20231026083551-9af3a536270a h1:9tafRufev6L31ECFBcN/SHL0Bi+GO5D3lIHDE48CnQw=
github.com/kohirens/stdlib v0.0.0-20231026083551-9af3a536270a/go.mod h1:Hse6Wv2QlXDGu5DQ/WchCAieavz1zH46DoUNPuMvjHU=
github.com/ryanuber/go-glob v1.0.0 h1:iQh3xXAumdQ+4Ufa5b25cRpC5TYKlno6hsv6Cb3pkBk=
github.com/ryanuber/go-glob v1.0.0/go.mod h1:807d1WSdnB0XRJzKNil9Om6lcp/3a0v4qIHxIXzX/Yc=
